
Microsoft Visual Studio Solution File, Format Version 12.00
# Visual Studio Version 17
VisualStudioVersion = 17.11.35327.3
MinimumVisualStudioVersion = 10.0.40219.1
Project("{2150E333-8FDC-42A3-9474-1A3956D46DE8}") = "Task0", "Task0", "{CF40A578-B87D-4230-B983-4BA5D76F9312}"
EndProject
Project("{9A19103F-16F7-4668-BE54-9A1E7A4F7556}") = "Tyuiu.KonstantinovaJN.Sprint6.Task0.V12.Test", "Tyuiu.KonstantinovaJN.Sprint6.Task0.V12.Test\Tyuiu.KonstantinovaJN.Sprint6.Task0.V12.Test.csproj", "{F6F6BDA7-E3F0-4E5C-88A8-C17C0CAAE8FC}"
EndProject
Project("{9A19103F-16F7-4668-BE54-9A1E7A4F7556}") = "Tyuiu.KonstantinovaJN.Sprint6.Task0.V12.Lib", "Tyuiu.KonstantinovaJN.Sprint6.Task0.V12.Lib\Tyuiu.KonstantinovaJN.Sprint6.Task0.V12.Lib.csproj", "{BA449383-7FF7-478A-A271-1FB301364B31}"
EndProject
Project("{9A19103F-16F7-4668-BE54-9A1E7A4F7556}") = "Tyuiu.KonstantinovaJN.Sprint6.Task0.V12", "Tyuiu.KonstantinovaJN.Sprint6.Task0.V12\Tyuiu.KonstantinovaJN.Sprint6.Task0.V12.csproj", "{9B7D280C-F79A-4935-B166-C1B5527987AB}"
EndProject
Project("{2150E333-8FDC-42A3-9474-1A3956D46DE8}") = "Task1", "Task1", "{D9682A61-87B9-491E-A526-713D78E00792}"
EndProject
Project("{9A19103F-16F7-4668-BE54-9A1E7A4F7556}") = "Tyuiu.KonstantinovaJN.Sprint6.Task1.V7.Lib", "Tyuiu.KonstantinovaJN.Sprint6.Task1.V7.Lib\Tyuiu.KonstantinovaJN.Sprint6.Task1.V7.Lib.csproj", "{98B974F0-A882-4CA4-ADED-37D6759AEB9E}"
EndProject
Project("{9A19103F-16F7-4668-BE54-9A1E7A4F7556}") = "Tyuiu.KonstantinovaJN.Sprint6.Task1.V7.Test", "Tyuiu.KonstantinovaJN.Sprint6.Task1.V7.Test\Tyuiu.KonstantinovaJN.Sprint6.Task1.V7.Test.csproj", "{D047F833-5231-4997-9C41-48730635BA0A}"
EndProject
Project("{9A19103F-16F7-4668-BE54-9A1E7A4F7556}") = "Tyuiu.KonstantinovaJN.Sprint6.Task1.V7", "Tyuiu.KonstantinovaJN.Sprint6.Task1.V7\Tyuiu.KonstantinovaJN.Sprint6.Task1.V7.csproj", "{144618F7-3861-4F25-98F6-62640C5A7083}"
EndProject
Project("{2150E333-8FDC-42A3-9474-1A3956D46DE8}") = "Task2", "Task2", "{A67DECF2-C45A-4D40-AAF8-7B4BE41F3649}"
EndProject
Project("{9A19103F-16F7-4668-BE54-9A1E7A4F7556}") = "Tyuiu.KonstantinovaJN.Sprint6.Task2.V22.Test", "Tyuiu.KonstantinovaJN.Sprint6.Task2.V22.Test\Tyuiu.KonstantinovaJN.Sprint6.Task2.V22.Test.csproj", "{4F905617-8756-4AB6-B148-C0ED26B113AF}"
EndProject
Project("{9A19103F-16F7-4668-BE54-9A1E7A4F7556}") = "Tyuiu.KonstantinovaJN.Sprint6.Task2.V22.Lib", "Tyuiu.KonstantinovaJN.Sprint6.Task2.V22.Lib\Tyuiu.KonstantinovaJN.Sprint6.Task2.V22.Lib.csproj", "{8D0D8227-C09C-4313-8671-63FCFEF11A8C}"
EndProject
Project("{9A19103F-16F7-4668-BE54-9A1E7A4F7556}") = "Tyuiu.KonstantinovaJN.Sprint6.Task2.V22", "Tyuiu.KonstantinovaJN.Sprint6.Task2.V22\Tyuiu.KonstantinovaJN.Sprint6.Task2.V22.csproj", "{AA0F9BF6-0B67-43E1-925E-ABD1E1655174}"
EndProject
Project("{2150E333-8FDC-42A3-9474-1A3956D46DE8}") = "Task3", "Task3", "{6FD6CE97-71F8-47C4-B8A0-93307F4AE90C}"
EndProject
Project("{9A19103F-16F7-4668-BE54-9A1E7A4F7556}") = "Tyuiu.KonstantinovaJN.Sprint6.Task3.V17.Test", "Tyuiu.KonstantinovaJN.Sprint6.Task3.V17.Test\Tyuiu.KonstantinovaJN.Sprint6.Task3.V17.Test.csproj", "{931E2912-4AA0-4A32-8855-4EFB01D36836}"
EndProject
Project("{9A19103F-16F7-4668-BE54-9A1E7A4F7556}") = "Tyuiu.KonstantinovaJN.Sprint6.Task3.V17.Lib", "Tyuiu.KonstantinovaJN.Sprint6.Task3.V17.Lib\Tyuiu.KonstantinovaJN.Sprint6.Task3.V17.Lib.csproj", "{2B7B012B-038A-494D-98CC-AAA6F77B1E12}"
EndProject
Project("{9A19103F-16F7-4668-BE54-9A1E7A4F7556}") = "Tyuiu.KonstantinovaJN.Sprint6.Task3.V17", "Tyuiu.KonstantinovaJN.Sprint6.Task3.V17\Tyuiu.KonstantinovaJN.Sprint6.Task3.V17.csproj", "{44DEC335-5E75-4548-8584-05E7ABA5A62D}"
EndProject
Project("{2150E333-8FDC-42A3-9474-1A3956D46DE8}") = "Task4", "Task4", "{E0541101-E39E-4D3B-B528-883F88098BA3}"
EndProject
Project("{FAE04EC0-301F-11D3-BF4B-00C04F79EFBC}") = "Tyuiu.KonstantinovaJN.Sprint6.Task4.V27.Lib", "Tyuiu.KonstantinovaJN.Sprint6.Task4.V27.Lib\Tyuiu.KonstantinovaJN.Sprint6.Task4.V27.Lib.csproj", "{945835A7-7659-4D42-B448-7120BBB451F2}"
EndProject
Project("{FAE04EC0-301F-11D3-BF4B-00C04F79EFBC}") = "Tyuiu.KonstantinovaJN.Sprint6.Task4.V27.Test", "Tyuiu.KonstantinovaJN.Sprint6.Task4.V27.Test\Tyuiu.KonstantinovaJN.Sprint6.Task4.V27.Test.csproj", "{D91518E0-89AA-4AC6-B172-EC092017EC08}"
EndProject
Project("{FAE04EC0-301F-11D3-BF4B-00C04F79EFBC}") = "Tyuiu.KonstantinovaJN.Sprint6.Task4.V27", "Tyuiu.KonstantinovaJN.Sprint6.Task4.V27\Tyuiu.KonstantinovaJN.Sprint6.Task4.V27.csproj", "{3A81C2BE-6A38-47CF-B5F9-368468C5710C}"
EndProject
Global
	GlobalSection(SolutionConfigurationPlatforms) = preSolution
		Debug|Any CPU = Debug|Any CPU
		Release|Any CPU = Release|Any CPU
	EndGlobalSection
	GlobalSection(ProjectConfigurationPlatforms) = postSolution
		{F6F6BDA7-E3F0-4E5C-88A8-C17C0CAAE8FC}.Debug|Any CPU.ActiveCfg = Debug|Any CPU
		{F6F6BDA7-E3F0-4E5C-88A8-C17C0CAAE8FC}.Debug|Any CPU.Build.0 = Debug|Any CPU
		{F6F6BDA7-E3F0-4E5C-88A8-C17C0CAAE8FC}.Release|Any CPU.ActiveCfg = Release|Any CPU
		{F6F6BDA7-E3F0-4E5C-88A8-C17C0CAAE8FC}.Release|Any CPU.Build.0 = Release|Any CPU
		{BA449383-7FF7-478A-A271-1FB301364B31}.Debug|Any CPU.ActiveCfg = Debug|Any CPU
		{BA449383-7FF7-478A-A271-1FB301364B31}.Debug|Any CPU.Build.0 = Debug|Any CPU
		{BA449383-7FF7-478A-A271-1FB301364B31}.Release|Any CPU.ActiveCfg = Release|Any CPU
		{BA449383-7FF7-478A-A271-1FB301364B31}.Release|Any CPU.Build.0 = Release|Any CPU
		{9B7D280C-F79A-4935-B166-C1B5527987AB}.Debug|Any CPU.ActiveCfg = Debug|Any CPU
		{9B7D280C-F79A-4935-B166-C1B5527987AB}.Debug|Any CPU.Build.0 = Debug|Any CPU
		{9B7D280C-F79A-4935-B166-C1B5527987AB}.Release|Any CPU.ActiveCfg = Release|Any CPU
		{9B7D280C-F79A-4935-B166-C1B5527987AB}.Release|Any CPU.Build.0 = Release|Any CPU
		{98B974F0-A882-4CA4-ADED-37D6759AEB9E}.Debug|Any CPU.ActiveCfg = Debug|Any CPU
		{98B974F0-A882-4CA4-ADED-37D6759AEB9E}.Debug|Any CPU.Build.0 = Debug|Any CPU
		{98B974F0-A882-4CA4-ADED-37D6759AEB9E}.Release|Any CPU.ActiveCfg = Release|Any CPU
		{98B974F0-A882-4CA4-ADED-37D6759AEB9E}.Release|Any CPU.Build.0 = Release|Any CPU
		{D047F833-5231-4997-9C41-48730635BA0A}.Debug|Any CPU.ActiveCfg = Debug|Any CPU
		{D047F833-5231-4997-9C41-48730635BA0A}.Debug|Any CPU.Build.0 = Debug|Any CPU
		{D047F833-5231-4997-9C41-48730635BA0A}.Release|Any CPU.ActiveCfg = Release|Any CPU
		{D047F833-5231-4997-9C41-48730635BA0A}.Release|Any CPU.Build.0 = Release|Any CPU
		{144618F7-3861-4F25-98F6-62640C5A7083}.Debug|Any CPU.ActiveCfg = Debug|Any CPU
		{144618F7-3861-4F25-98F6-62640C5A7083}.Debug|Any CPU.Build.0 = Debug|Any CPU
		{144618F7-3861-4F25-98F6-62640C5A7083}.Release|Any CPU.ActiveCfg = Release|Any CPU
		{144618F7-3861-4F25-98F6-62640C5A7083}.Release|Any CPU.Build.0 = Release|Any CPU
		{4F905617-8756-4AB6-B148-C0ED26B113AF}.Debug|Any CPU.ActiveCfg = Debug|Any CPU
		{4F905617-8756-4AB6-B148-C0ED26B113AF}.Debug|Any CPU.Build.0 = Debug|Any CPU
		{4F905617-8756-4AB6-B148-C0ED26B113AF}.Release|Any CPU.ActiveCfg = Release|Any CPU
		{4F905617-8756-4AB6-B148-C0ED26B113AF}.Release|Any CPU.Build.0 = Release|Any CPU
		{8D0D8227-C09C-4313-8671-63FCFEF11A8C}.Debug|Any CPU.ActiveCfg = Debug|Any CPU
		{8D0D8227-C09C-4313-8671-63FCFEF11A8C}.Debug|Any CPU.Build.0 = Debug|Any CPU
		{8D0D8227-C09C-4313-8671-63FCFEF11A8C}.Release|Any CPU.ActiveCfg = Release|Any CPU
		{8D0D8227-C09C-4313-8671-63FCFEF11A8C}.Release|Any CPU.Build.0 = Release|Any CPU
		{AA0F9BF6-0B67-43E1-925E-ABD1E1655174}.Debug|Any CPU.ActiveCfg = Debug|Any CPU
		{AA0F9BF6-0B67-43E1-925E-ABD1E1655174}.Debug|Any CPU.Build.0 = Debug|Any CPU
		{AA0F9BF6-0B67-43E1-925E-ABD1E1655174}.Release|Any CPU.ActiveCfg = Release|Any CPU
		{AA0F9BF6-0B67-43E1-925E-ABD1E1655174}.Release|Any CPU.Build.0 = Release|Any CPU
		{931E2912-4AA0-4A32-8855-4EFB01D36836}.Debug|Any CPU.ActiveCfg = Debug|Any CPU
		{931E2912-4AA0-4A32-8855-4EFB01D36836}.Debug|Any CPU.Build.0 = Debug|Any CPU
		{931E2912-4AA0-4A32-8855-4EFB01D36836}.Release|Any CPU.ActiveCfg = Release|Any CPU
		{931E2912-4AA0-4A32-8855-4EFB01D36836}.Release|Any CPU.Build.0 = Release|Any CPU
		{2B7B012B-038A-494D-98CC-AAA6F77B1E12}.Debug|Any CPU.ActiveCfg = Debug|Any CPU
		{2B7B012B-038A-494D-98CC-AAA6F77B1E12}.Debug|Any CPU.Build.0 = Debug|Any CPU
		{2B7B012B-038A-494D-98CC-AAA6F77B1E12}.Release|Any CPU.ActiveCfg = Release|Any CPU
		{2B7B012B-038A-494D-98CC-AAA6F77B1E12}.Release|Any CPU.Build.0 = Release|Any CPU
		{44DEC335-5E75-4548-8584-05E7ABA5A62D}.Debug|Any CPU.ActiveCfg = Debug|Any CPU
		{44DEC335-5E75-4548-8584-05E7ABA5A62D}.Debug|Any CPU.Build.0 = Debug|Any CPU
		{44DEC335-5E75-4548-8584-05E7ABA5A62D}.Release|Any CPU.ActiveCfg = Release|Any CPU
		{44DEC335-5E75-4548-8584-05E7ABA5A62D}.Release|Any CPU.Build.0 = Release|Any CPU
		{945835A7-7659-4D42-B448-7120BBB451F2}.Debug|Any CPU.ActiveCfg = Debug|Any CPU
		{945835A7-7659-4D42-B448-7120BBB451F2}.Debug|Any CPU.Build.0 = Debug|Any CPU
		{945835A7-7659-4D42-B448-7120BBB451F2}.Release|Any CPU.ActiveCfg = Release|Any CPU
		{945835A7-7659-4D42-B448-7120BBB451F2}.Release|Any CPU.Build.0 = Release|Any CPU
		{D91518E0-89AA-4AC6-B172-EC092017EC08}.Debug|Any CPU.ActiveCfg = Debug|Any CPU
		{D91518E0-89AA-4AC6-B172-EC092017EC08}.Debug|Any CPU.Build.0 = Debug|Any CPU
		{D91518E0-89AA-4AC6-B172-EC092017EC08}.Release|Any CPU.ActiveCfg = Release|Any CPU
		{D91518E0-89AA-4AC6-B172-EC092017EC08}.Release|Any CPU.Build.0 = Release|Any CPU
		{3A81C2BE-6A38-47CF-B5F9-368468C5710C}.Debug|Any CPU.ActiveCfg = Debug|Any CPU
		{3A81C2BE-6A38-47CF-B5F9-368468C5710C}.Debug|Any CPU.Build.0 = Debug|Any CPU
		{3A81C2BE-6A38-47CF-B5F9-368468C5710C}.Release|Any CPU.ActiveCfg = Release|Any CPU
		{3A81C2BE-6A38-47CF-B5F9-368468C5710C}.Release|Any CPU.Build.0 = Release|Any CPU
	EndGlobalSection
	GlobalSection(SolutionProperties) = preSolution
		HideSolutionNode = FALSE
	EndGlobalSection
	GlobalSection(NestedProjects) = preSolution
		{F6F6BDA7-E3F0-4E5C-88A8-C17C0CAAE8FC} = {CF40A578-B87D-4230-B983-4BA5D76F9312}
		{BA449383-7FF7-478A-A271-1FB301364B31} = {CF40A578-B87D-4230-B983-4BA5D76F9312}
		{9B7D280C-F79A-4935-B166-C1B5527987AB} = {CF40A578-B87D-4230-B983-4BA5D76F9312}
		{98B974F0-A882-4CA4-ADED-37D6759AEB9E} = {D9682A61-87B9-491E-A526-713D78E00792}
		{D047F833-5231-4997-9C41-48730635BA0A} = {D9682A61-87B9-491E-A526-713D78E00792}
		{144618F7-3861-4F25-98F6-62640C5A7083} = {D9682A61-87B9-491E-A526-713D78E00792}
		{4F905617-8756-4AB6-B148-C0ED26B113AF} = {A67DECF2-C45A-4D40-AAF8-7B4BE41F3649}
		{8D0D8227-C09C-4313-8671-63FCFEF11A8C} = {A67DECF2-C45A-4D40-AAF8-7B4BE41F3649}
		{AA0F9BF6-0B67-43E1-925E-ABD1E1655174} = {A67DECF2-C45A-4D40-AAF8-7B4BE41F3649}
		{931E2912-4AA0-4A32-8855-4EFB01D36836} = {6FD6CE97-71F8-47C4-B8A0-93307F4AE90C}
		{2B7B012B-038A-494D-98CC-AAA6F77B1E12} = {6FD6CE97-71F8-47C4-B8A0-93307F4AE90C}
		{44DEC335-5E75-4548-8584-05E7ABA5A62D} = {6FD6CE97-71F8-47C4-B8A0-93307F4AE90C}
		{945835A7-7659-4D42-B448-7120BBB451F2} = {E0541101-E39E-4D3B-B528-883F88098BA3}
		{D91518E0-89AA-4AC6-B172-EC092017EC08} = {E0541101-E39E-4D3B-B528-883F88098BA3}
		{3A81C2BE-6A38-47CF-B5F9-368468C5710C} = {E0541101-E39E-4D3B-B528-883F88098BA3}
	EndGlobalSection
	GlobalSection(ExtensibilityGlobals) = postSolution
		SolutionGuid = {15A05F9D-65DC-43A0-9EA9-C2C356F53F3E}
	EndGlobalSection
EndGlobal
